# THIS IS AN AUTOGENERATED FILE. DO NOT EDIT THIS FILE DIRECTLY.
# yarn lockfile v1


"@types/bluebird@^3.5.11":
  version "3.5.32"
  resolved "https://registry.yarnpkg.com/@types/bluebird/-/bluebird-3.5.32.tgz#381e7b59e39f010d20bbf7e044e48f5caf1ab620"
  integrity sha512-dIOxFfI0C+jz89g6lQ+TqhGgPQ0MxSnh/E4xuC0blhFtyW269+mPG5QeLgbdwst/LvdP8o1y0o/Gz5EHXLec/g==

"@types/node@^8.0.28":
  version "8.10.62"
  resolved "https://registry.yarnpkg.com/@types/node/-/node-8.10.62.tgz#8d0d0db44a46ae7679d92e2e36d41bf1c3625d6a"
  integrity sha512-76fupxOYVxk36kb7O/6KtrAPZ9jnSK3+qisAX4tQMEuGNdlvl7ycwatlHqjoE6jHfVtXFM3pCrCixZOidc5cuw==

bluebird@3.5.0:
  version "3.5.0"
  resolved "https://registry.yarnpkg.com/bluebird/-/bluebird-3.5.0.tgz#791420d7f551eea2897453a8a77653f96606d67c"
  integrity sha1-eRQg1/VR7qKJdFOop3ZT+WYG1nw=

denque@^1.5.0:
  version "1.5.0"
  resolved "https://registry.yarnpkg.com/denque/-/denque-1.5.0.tgz#773de0686ff2d8ec2ff92914316a47b73b1c73de"
  integrity sha512-CYiCSgIF1p6EUByQPlGkKnP1M9g0ZV3qMIrqMqZqdwazygIA/YP2vrbcyl1h/WppKJTdl1F85cXIle+394iDAQ==

redis-commands@^1.7.0:
  version "1.7.0"
  resolved "https://registry.yarnpkg.com/redis-commands/-/redis-commands-1.7.0.tgz#15a6fea2d58281e27b1cd1acfb4b293e278c3a89"
  integrity sha512-nJWqw3bTFy21hX/CPKHth6sfhZbdiHP6bTawSgQBlKOVRG7EZkfHbbHwQJnrE4vsQf0CMNE+3gJ4Fmm16vdVlQ==

redis-errors@^1.0.0, redis-errors@^1.2.0:
  version "1.2.0"
  resolved "https://registry.yarnpkg.com/redis-errors/-/redis-errors-1.2.0.tgz#eb62d2adb15e4eaf4610c04afe1529384250abad"
  integrity sha1-62LSrbFeTq9GEMBK/hUpOEJQq60=

redis-parser@^3.0.0:
  version "3.0.0"
  resolved "https://registry.yarnpkg.com/redis-parser/-/redis-parser-3.0.0.tgz#b66d828cdcafe6b4b8a428a7def4c6bcac31c8b4"
  integrity sha1-tm2CjNyv5rS4pCin3vTGvKwxyLQ=
  dependencies:
    redis-errors "^1.0.0"

redis@3.1.1:
  version "3.1.1"
  resolved "https://registry.yarnpkg.com/redis/-/redis-3.1.1.tgz#a44bee7c072dcf685e139048d6a1a4d3b00f5d01"
  integrity sha512-QhkKhOuzhogR1NDJfBD34TQJz2ZJwDhhIC6ZmvpftlmfYShHHQXjjNspAJ+Z2HH5NwSBVYBVganbiZ8bgFMHjg==
  dependencies:
    denque "^1.5.0"
    redis-commands "^1.7.0"
    redis-errors "^1.2.0"
    redis-parser "^3.0.0"

typescript@^2.5.2:
  version "2.9.2"
  resolved "https://registry.yarnpkg.com/typescript/-/typescript-2.9.2.tgz#1cbf61d05d6b96269244eb6a3bce4bd914e0f00c"
  integrity sha512-Gr4p6nFNaoufRIY4NMdpQRNmgxVIGMs4Fcu/ujdYk3nAZqk7supzBE9idmvfZIlH/Cuj//dvi+019qEue9lV0w==
